// !$*UTF8*$!
{
	archiveVersion = 1;
	classes = {
	};
	objectVersion = 50;
	objects = {

/* Begin PBXBuildFile section */
		1912430C232D73C60070912E /* AppDelegate.swift in Sources */ = {isa = PBXBuildFile; fileRef = 1912430B232D73C60070912E /* AppDelegate.swift */; };
		1912430E232D73C60070912E /* AccountViewController.swift in Sources */ = {isa = PBXBuildFile; fileRef = 1912430D232D73C60070912E /* AccountViewController.swift */; };
		19124313232D73C70070912E /* Assets.xcassets in Resources */ = {isa = PBXBuildFile; fileRef = 19124312232D73C70070912E /* Assets.xcassets */; };
		19124316232D73C70070912E /* LaunchScreen.storyboard in Resources */ = {isa = PBXBuildFile; fileRef = 19124314232D73C70070912E /* LaunchScreen.storyboard */; };
		19124321232D73C70070912E /* MyWalletTests.swift in Sources */ = {isa = PBXBuildFile; fileRef = 19124320232D73C70070912E /* MyWalletTests.swift */; };
		19D5362C232D81E9005EE3E3 /* CreditCardView.swift in Sources */ = {isa = PBXBuildFile; fileRef = 19D5362B232D81E9005EE3E3 /* CreditCardView.swift */; };
		19D5362E232D884D005EE3E3 /* AppStyle.swift in Sources */ = {isa = PBXBuildFile; fileRef = 19D5362D232D884D005EE3E3 /* AppStyle.swift */; };
		19D53631232D8A3F005EE3E3 /* UIView+Utils.swift in Sources */ = {isa = PBXBuildFile; fileRef = 19D53630232D8A3F005EE3E3 /* UIView+Utils.swift */; };
		19D53635232E528F005EE3E3 /* Account.swift in Sources */ = {isa = PBXBuildFile; fileRef = 19D53634232E528F005EE3E3 /* Account.swift */; };
		19D53637232E556C005EE3E3 /* Transaction.swift in Sources */ = {isa = PBXBuildFile; fileRef = 19D53636232E556C005EE3E3 /* Transaction.swift */; };
		19D53639232E5623005EE3E3 /* User.swift in Sources */ = {isa = PBXBuildFile; fileRef = 19D53638232E5623005EE3E3 /* User.swift */; };
		19D5363B232E588A005EE3E3 /* DataStore.swift in Sources */ = {isa = PBXBuildFile; fileRef = 19D5363A232E588A005EE3E3 /* DataStore.swift */; };
		19D5363F232E5BB8005EE3E3 /* AccountViewModel.swift in Sources */ = {isa = PBXBuildFile; fileRef = 19D5363E232E5BB8005EE3E3 /* AccountViewModel.swift */; };
		19D53641232E633D005EE3E3 /* transactions.json in Resources */ = {isa = PBXBuildFile; fileRef = 19D53640232E633D005EE3E3 /* transactions.json */; };
		19D53643232E8898005EE3E3 /* HelperExtensions.swift in Sources */ = {isa = PBXBuildFile; fileRef = 19D53642232E8898005EE3E3 /* HelperExtensions.swift */; };
		19D53645232E8BAE005EE3E3 /* TransactionCell.swift in Sources */ = {isa = PBXBuildFile; fileRef = 19D53644232E8BAE005EE3E3 /* TransactionCell.swift */; };
		19D53652232E9FA2005EE3E3 /* TransactionViewController.swift in Sources */ = {isa = PBXBuildFile; fileRef = 19D53651232E9FA2005EE3E3 /* TransactionViewController.swift */; };
		19D53654232EA092005EE3E3 /* TransactionViewModel.swift in Sources */ = {isa = PBXBuildFile; fileRef = 19D53653232EA092005EE3E3 /* TransactionViewModel.swift */; };
/* End PBXBuildFile section */

/* Begin PBXContainerItemProxy section */
		1912431D232D73C70070912E /* PBXContainerItemProxy */ = {
			isa = PBXContainerItemProxy;
			containerPortal = 19124300232D73C60070912E /* Project object */;
			proxyType = 1;
			remoteGlobalIDString = 19124307232D73C60070912E;
			remoteInfo = MyWallet;
		};
/* End PBXContainerItemProxy section */

/* Begin PBXFileReference section */
		19124308232D73C60070912E /* MyWallet.app */ = {isa = PBXFileReference; explicitFileType = wrapper.application; includeInIndex = 0; path = MyWallet.app; sourceTree = BUILT_PRODUCTS_DIR; };
		1912430B232D73C60070912E /* AppDelegate.swift */ = {isa = PBXFileReference; lastKnownFileType = sourcecode.swift; path = AppDelegate.swift; sourceTree = "<group>"; };
		1912430D232D73C60070912E /* AccountViewController.swift */ = {isa = PBXFileReference; lastKnownFileType = sourcecode.swift; path = AccountViewController.swift; sourceTree = "<group>"; };
		19124312232D73C70070912E /* Assets.xcassets */ = {isa = PBXFileReference; lastKnownFileType = folder.assetcatalog; path = Assets.xcassets; sourceTree = "<group>"; };
		19124315232D73C70070912E /* Base */ = {isa = PBXFileReference; lastKnownFileType = file.storyboard; name = Base; path = Base.lproj/LaunchScreen.storyboard; sourceTree = "<group>"; };
		19124317232D73C70070912E /* Info.plist */ = {isa = PBXFileReference; lastKnownFileType = text.plist.xml; path = Info.plist; sourceTree = "<group>"; };
		1912431C232D73C70070912E /* MyWalletTests.xctest */ = {isa = PBXFileReference; explicitFileType = wrapper.cfbundle; includeInIndex = 0; path = MyWalletTests.xctest; sourceTree = BUILT_PRODUCTS_DIR; };
		19124320232D73C70070912E /* MyWalletTests.swift */ = {isa = PBXFileReference; lastKnownFileType = sourcecode.swift; path = MyWalletTests.swift; sourceTree = "<group>"; };
		19124322232D73C70070912E /* Info.plist */ = {isa = PBXFileReference; lastKnownFileType = text.plist.xml; path = Info.plist; sourceTree = "<group>"; };
		19D5362B232D81E9005EE3E3 /* CreditCardView.swift */ = {isa = PBXFileReference; lastKnownFileType = sourcecode.swift; path = CreditCardView.swift; sourceTree = "<group>"; };
		19D5362D232D884D005EE3E3 /* AppStyle.swift */ = {isa = PBXFileReference; lastKnownFileType = sourcecode.swift; path = AppStyle.swift; sourceTree = "<group>"; };
		19D53630232D8A3F005EE3E3 /* UIView+Utils.swift */ = {isa = PBXFileReference; lastKnownFileType = sourcecode.swift; path = "UIView+Utils.swift"; sourceTree = "<group>"; };
		19D53634232E528F005EE3E3 /* Account.swift */ = {isa = PBXFileReference; lastKnownFileType = sourcecode.swift; path = Account.swift; sourceTree = "<group>"; };
		19D53636232E556C005EE3E3 /* Transaction.swift */ = {isa = PBXFileReference; lastKnownFileType = sourcecode.swift; path = Transaction.swift; sourceTree = "<group>"; };
		19D53638232E5623005EE3E3 /* User.swift */ = {isa = PBXFileReference; lastKnownFileType = sourcecode.swift; path = User.swift; sourceTree = "<group>"; };
		19D5363A232E588A005EE3E3 /* DataStore.swift */ = {isa = PBXFileReference; lastKnownFileType = sourcecode.swift; path = DataStore.swift; sourceTree = "<group>"; };
		19D5363E232E5BB8005EE3E3 /* AccountViewModel.swift */ = {isa = PBXFileReference; lastKnownFileType = sourcecode.swift; path = AccountViewModel.swift; sourceTree = "<group>"; };
		19D53640232E633D005EE3E3 /* transactions.json */ = {isa = PBXFileReference; fileEncoding = 4; lastKnownFileType = text.json; path = transactions.json; sourceTree = "<group>"; };
		19D53642232E8898005EE3E3 /* HelperExtensions.swift */ = {isa = PBXFileReference; lastKnownFileType = sourcecode.swift; path = HelperExtensions.swift; sourceTree = "<group>"; };
		19D53644232E8BAE005EE3E3 /* TransactionCell.swift */ = {isa = PBXFileReference; lastKnownFileType = sourcecode.swift; path = TransactionCell.swift; sourceTree = "<group>"; };
		19D53651232E9FA2005EE3E3 /* TransactionViewController.swift */ = {isa = PBXFileReference; lastKnownFileType = sourcecode.swift; path = TransactionViewController.swift; sourceTree = "<group>"; };
		19D53653232EA092005EE3E3 /* TransactionViewModel.swift */ = {isa = PBXFileReference; lastKnownFileType = sourcecode.swift; path = TransactionViewModel.swift; sourceTree = "<group>"; };
/* End PBXFileReference section */

/* Begin PBXFrameworksBuildPhase section */
		19124305232D73C60070912E /* Frameworks */ = {
			isa = PBXFrameworksBuildPhase;
			buildActionMask = 2147483647;
			files = (
			);
			runOnlyForDeploymentPostprocessing = 0;
		};
		19124319232D73C70070912E /* Frameworks */ = {
			isa = PBXFrameworksBuildPhase;
			buildActionMask = 2147483647;
			files = (
			);
			runOnlyForDeploymentPostprocessing = 0;
		};
/* End PBXFrameworksBuildPhase section */

/* Begin PBXGroup section */
		191242FF232D73C60070912E = {
			isa = PBXGroup;
			children = (
				1912430A232D73C60070912E /* MyWallet */,
				1912431F232D73C70070912E /* MyWalletTests */,
				19124309232D73C60070912E /* Products */,
			);
			sourceTree = "<group>";
		};
		19124309232D73C60070912E /* Products */ = {
			isa = PBXGroup;
			children = (
				19124308232D73C60070912E /* MyWallet.app */,
				1912431C232D73C70070912E /* MyWalletTests.xctest */,
			);
			name = Products;
			sourceTree = "<group>";
		};
		1912430A232D73C60070912E /* MyWallet */ = {
			isa = PBXGroup;
			children = (
				1912430B232D73C60070912E /* AppDelegate.swift */,
				19D53633232E5271005EE3E3 /* Model */,
				19D53629232D811A005EE3E3 /* View */,
				19D5363D232E5B9F005EE3E3 /* ViewModel */,
				19D5363C232E5B88005EE3E3 /* Factory */,
				19D53632232D8A97005EE3E3 /* Style */,
				19D5362F232D8A2A005EE3E3 /* Helpers */,
				19D5362A232D817E005EE3E3 /* Ressources */,
				19124317232D73C70070912E /* Info.plist */,
			);
			path = MyWallet;
			sourceTree = "<group>";
		};
		1912431F232D73C70070912E /* MyWalletTests */ = {
			isa = PBXGroup;
			children = (
				19124320232D73C70070912E /* MyWalletTests.swift */,
				19124322232D73C70070912E /* Info.plist */,
			);
			path = MyWalletTests;
			sourceTree = "<group>";
		};
		19D53629232D811A005EE3E3 /* View */ = {
			isa = PBXGroup;
			children = (
				1912430D232D73C60070912E /* AccountViewController.swift */,
				19D5362B232D81E9005EE3E3 /* CreditCardView.swift */,
				19D53644232E8BAE005EE3E3 /* TransactionCell.swift */,
				19D53651232E9FA2005EE3E3 /* TransactionViewController.swift */,
			);
			path = View;
			sourceTree = "<group>";
		};
		19D5362A232D817E005EE3E3 /* Ressources */ = {
			isa = PBXGroup;
			children = (
				19D53640232E633D005EE3E3 /* transactions.json */,
				19124312232D73C70070912E /* Assets.xcassets */,
				19124314232D73C70070912E /* LaunchScreen.storyboard */,
			);
			path = Ressources;
			sourceTree = "<group>";
		};
		19D5362F232D8A2A005EE3E3 /* Helpers */ = {
			isa = PBXGroup;
			children = (
				19D53630232D8A3F005EE3E3 /* UIView+Utils.swift */,
				19D53642232E8898005EE3E3 /* HelperExtensions.swift */,
			);
			path = Helpers;
			sourceTree = "<group>";
		};
		19D53632232D8A97005EE3E3 /* Style */ = {
			isa = PBXGroup;
			children = (
				19D5362D232D884D005EE3E3 /* AppStyle.swift */,
			);
			path = Style;
			sourceTree = "<group>";
		};
		19D53633232E5271005EE3E3 /* Model */ = {
			isa = PBXGroup;
			children = (
				19D53634232E528F005EE3E3 /* Account.swift */,
				19D53636232E556C005EE3E3 /* Transaction.swift */,
				19D53638232E5623005EE3E3 /* User.swift */,
			);
			path = Model;
			sourceTree = "<group>";
		};
		19D5363C232E5B88005EE3E3 /* Factory */ = {
			isa = PBXGroup;
			children = (
				19D5363A232E588A005EE3E3 /* DataStore.swift */,
			);
			path = Factory;
			sourceTree = "<group>";
		};
		19D5363D232E5B9F005EE3E3 /* ViewModel */ = {
			isa = PBXGroup;
			children = (
				19D5363E232E5BB8005EE3E3 /* AccountViewModel.swift */,
				19D53653232EA092005EE3E3 /* TransactionViewModel.swift */,
			);
			path = ViewModel;
			sourceTree = "<group>";
		};
/* End PBXGroup section */

/* Begin PBXNativeTarget section */
		19124307232D73C60070912E /* MyWallet */ = {
			isa = PBXNativeTarget;
			buildConfigurationList = 19124325232D73C70070912E /* Build configuration list for PBXNativeTarget "MyWallet" */;
			buildPhases = (
				19124304232D73C60070912E /* Sources */,
				19124305232D73C60070912E /* Frameworks */,
				19124306232D73C60070912E /* Resources */,
			);
			buildRules = (
			);
			dependencies = (
			);
			name = MyWallet;
			productName = MyWallet;
			productReference = 19124308232D73C60070912E /* MyWallet.app */;
			productType = "com.apple.product-type.application";
		};
		1912431B232D73C70070912E /* MyWalletTests */ = {
			isa = PBXNativeTarget;
			buildConfigurationList = 19124328232D73C70070912E /* Build configuration list for PBXNativeTarget "MyWalletTests" */;
			buildPhases = (
				19124318232D73C70070912E /* Sources */,
				19124319232D73C70070912E /* Frameworks */,
				1912431A232D73C70070912E /* Resources */,
			);
			buildRules = (
			);
			dependencies = (
				1912431E232D73C70070912E /* PBXTargetDependency */,
			);
			name = MyWalletTests;
			productName = MyWalletTests;
			productReference = 1912431C232D73C70070912E /* MyWalletTests.xctest */;
			productType = "com.apple.product-type.bundle.unit-test";
		};
/* End PBXNativeTarget section */

/* Begin PBXProject section */
		19124300232D73C60070912E /* Project object */ = {
			isa = PBXProject;
			attributes = {
				LastSwiftUpdateCheck = 1020;
				LastUpgradeCheck = 1020;
				ORGANIZATIONNAME = "Adil Bougamza";
				TargetAttributes = {
					19124307232D73C60070912E = {
						CreatedOnToolsVersion = 10.2.1;
					};
					1912431B232D73C70070912E = {
						CreatedOnToolsVersion = 10.2.1;
						TestTargetID = 19124307232D73C60070912E;
					};
				};
			};
			buildConfigurationList = 19124303232D73C60070912E /* Build configuration list for PBXProject "MyWallet" */;
			compatibilityVersion = "Xcode 9.3";
			developmentRegion = en;
			hasScannedForEncodings = 0;
			knownRegions = (
				en,
				Base,
			);
			mainGroup = 191242FF232D73C60070912E;
			productRefGroup = 19124309232D73C60070912E /* Products */;
			projectDirPath = "";
			projectRoot = "";
			targets = (
				19124307232D73C60070912E /* MyWallet */,
				1912431B232D73C70070912E /* MyWalletTests */,
			);
		};
/* End PBXProject section */

/* Begin PBXResourcesBuildPhase section */
		19124306232D73C60070912E /* Resources */ = {
			isa = PBXResourcesBuildPhase;
			buildActionMask = 2147483647;
			files = (
				19D53641232E633D005EE3E3 /* transactions.json in Resources */,
				19124316232D73C70070912E /* LaunchScreen.storyboard in Resources */,
				19124313232D73C70070912E /* Assets.xcassets in Resources */,
			);
			runOnlyForDeploymentPostprocessing = 0;
		};
		1912431A232D73C70070912E /* Resources */ = {
			isa = PBXResourcesBuildPhase;
			buildActionMask = 2147483647;
			files = (
			);
			runOnlyForDeploymentPostprocessing = 0;
		};
/* End PBXResourcesBuildPhase section */

/* Begin PBXSourcesBuildPhase section */
		19124304232D73C60070912E /* Sources */ = {
			isa = PBXSourcesBuildPhase;
			buildActionMask = 2147483647;
			files = (
				19D53637232E556C005EE3E3 /* Transaction.swift in Sources */,
				19D53643232E8898005EE3E3 /* HelperExtensions.swift in Sources */,
				19D53645232E8BAE005EE3E3 /* TransactionCell.swift in Sources */,
				1912430E232D73C60070912E /* AccountViewController.swift in Sources */,
				1912430C232D73C60070912E /* AppDelegate.swift in Sources */,
				19D53631232D8A3F005EE3E3 /* UIView+Utils.swift in Sources */,
				19D53639232E5623005EE3E3 /* User.swift in Sources */,
				19D5362C232D81E9005EE3E3 /* CreditCardView.swift in Sources */,
				19D5363F232E5BB8005EE3E3 /* AccountViewModel.swift in Sources */,
				19D5362E232D884D005EE3E3 /* AppStyle.swift in Sources */,
				19D5363B232E588A005EE3E3 /* DataStore.swift in Sources */,
				19D53652232E9FA2005EE3E3 /* TransactionViewController.swift in Sources */,
				19D53635232E528F005EE3E3 /* Account.swift in Sources */,
				19D53654232EA092005EE3E3 /* TransactionViewModel.swift in Sources */,
			);
			runOnlyForDeploymentPostprocessing = 0;
		};
		19124318232D73C70070912E /* Sources */ = {
			isa = PBXSourcesBuildPhase;
			buildActionMask = 2147483647;
			files = (
				19124321232D73C70070912E /* MyWalletTests.swift in Sources */,
			);
			runOnlyForDeploymentPostprocessing = 0;
		};
/* End PBXSourcesBuildPhase section */

/* Begin PBXTargetDependency section */
		1912431E232D73C70070912E /* PBXTargetDependency */ = {
			isa = PBXTargetDependency;
			target = 19124307232D73C60070912E /* MyWallet */;
			targetProxy = 1912431D232D73C70070912E /* PBXContainerItemProxy */;
		};
/* End PBXTargetDependency section */

/* Begin PBXVariantGroup section */
		19124314232D73C70070912E /* LaunchScreen.storyboard */ = {
			isa = PBXVariantGroup;
			children = (
				19124315232D73C70070912E /* Base */,
			);
			name = LaunchScreen.storyboard;
			sourceTree = "<group>";
		};
/* End PBXVariantGroup section */

/* Begin XCBuildConfiguration section */
		19124323232D73C70070912E /* Debug */ = {
			isa = XCBuildConfiguration;
			buildSettings = {
				ALWAYS_SEARCH_USER_PATHS = NO;
				CLANG_ANALYZER_NONNULL = YES;
				CLANG_ANALYZER_NUMBER_OBJECT_CONVERSION = YES_AGGRESSIVE;
				CLANG_CXX_LANGUAGE_STANDARD = "gnu++14";
				CLANG_CXX_LIBRARY = "libc++";
				CLANG_ENABLE_MODULES = YES;
				CLANG_ENABLE_OBJC_ARC = YES;
				CLANG_ENABLE_OBJC_WEAK = YES;
				CLANG_WARN_BLOCK_CAPTURE_AUTORELEASING = YES;
				CLANG_WARN_BOOL_CONVERSION = YES;
				CLANG_WARN_COMMA = YES;
				CLANG_WARN_CONSTANT_CONVERSION = YES;
				CLANG_WARN_DEPRECATED_OBJC_IMPLEMENTATIONS = YES;
				CLANG_WARN_DIRECT_OBJC_ISA_USAGE = YES_ERROR;
				CLANG_WARN_DOCUMENTATION_COMMENTS = YES;
				CLANG_WARN_EMPTY_BODY = YES;
				CLANG_WARN_ENUM_CONVERSION = YES;
				CLANG_WARN_INFINITE_RECURSION = YES;
				CLANG_WARN_INT_CONVERSION = YES;
				CLANG_WARN_NON_LITERAL_NULL_CONVERSION = YES;
				CLANG_WARN_OBJC_IMPLICIT_RETAIN_SELF = YES;
				CLANG_WARN_OBJC_LITERAL_CONVERSION = YES;
				CLANG_WARN_OBJC_ROOT_CLASS = YES_ERROR;
				CLANG_WARN_RANGE_LOOP_ANALYSIS = YES;
				CLANG_WARN_STRICT_PROTOTYPES = YES;
				CLANG_WARN_SUSPICIOUS_MOVE = YES;
				CLANG_WARN_UNGUARDED_AVAILABILITY = YES_AGGRESSIVE;
				CLANG_WARN_UNREACHABLE_CODE = YES;
				CLANG_WARN__DUPLICATE_METHOD_MATCH = YES;
				CODE_SIGN_IDENTITY = "iPhone Developer";
				COPY_PHASE_STRIP = NO;
				DEBUG_INFORMATION_FORMAT = dwarf;
				ENABLE_STRICT_OBJC_MSGSEND = YES;
				ENABLE_TESTABILITY = YES;
				GCC_C_LANGUAGE_STANDARD = gnu11;
				GCC_DYNAMIC_NO_PIC = NO;
				GCC_NO_COMMON_BLOCKS = YES;
				GCC_OPTIMIZATION_LEVEL = 0;
				GCC_PREPROCESSOR_DEFINITIONS = (
					"DEBUG=1",
					"$(inherited)",
				);
				GCC_WARN_64_TO_32_BIT_CONVERSION = YES;
				GCC_WARN_ABOUT_RETURN_TYPE = YES_ERROR;
				GCC_WARN_UNDECLARED_SELECTOR = YES;
				GCC_WARN_UNINITIALIZED_AUTOS = YES_AGGRESSIVE;
				GCC_WARN_UNUSED_FUNCTION = YES;
				GCC_WARN_UNUSED_VARIABLE = YES;
				IPHONEOS_DEPLOYMENT_TARGET = 12.2;
				MTL_ENABLE_DEBUG_INFO = INCLUDE_SOURCE;
				MTL_FAST_MATH = YES;
				ONLY_ACTIVE_ARCH = YES;
				SDKROOT = iphoneos;
				SWIFT_ACTIVE_COMPILATION_CONDITIONS = DEBUG;
				SWIFT_OPTIMIZATION_LEVEL = "-Onone";
			};
			name = Debug;
		};
		19124324232D73C70070912E /* Release */ = {
			isa = XCBuildConfiguration;
			buildSettings = {
				ALWAYS_SEARCH_USER_PATHS = NO;
				CLANG_ANALYZER_NONNULL = YES;
				CLANG_ANALYZER_NUMBER_OBJECT_CONVERSION = YES_AGGRESSIVE;
				CLANG_CXX_LANGUAGE_STANDARD = "gnu++14";
				CLANG_CXX_LIBRARY = "libc++";
				CLANG_ENABLE_MODULES = YES;
				CLANG_ENABLE_OBJC_ARC = YES;
				CLANG_ENABLE_OBJC_WEAK = YES;
				CLANG_WARN_BLOCK_CAPTURE_AUTORELEASING = YES;
				CLANG_WARN_BOOL_CONVERSION = YES;
				CLANG_WARN_COMMA = YES;
				CLANG_WARN_CONSTANT_CONVERSION = YES;
				CLANG_WARN_DEPRECATED_OBJC_IMPLEMENTATIONS = YES;
				CLANG_WARN_DIRECT_OBJC_ISA_USAGE = YES_ERROR;
				CLANG_WARN_DOCUMENTATION_COMMENTS = YES;
				CLANG_WARN_EMPTY_BODY = YES;
				CLANG_WARN_ENUM_CONVERSION = YES;
				CLANG_WARN_INFINITE_RECURSION = YES;
				CLANG_WARN_INT_CONVERSION = YES;
				CLANG_WARN_NON_LITERAL_NULL_CONVERSION = YES;
				CLANG_WARN_OBJC_IMPLICIT_RETAIN_SELF = YES;
				CLANG_WARN_OBJC_LITERAL_CONVERSION = YES;
				CLANG_WARN_OBJC_ROOT_CLASS = YES_ERROR;
				CLANG_WARN_RANGE_LOOP_ANALYSIS = YES;
				CLANG_WARN_STRICT_PROTOTYPES = YES;
				CLANG_WARN_SUSPICIOUS_MOVE = YES;
				CLANG_WARN_UNGUARDED_AVAILABILITY = YES_AGGRESSIVE;
				CLANG_WARN_UNREACHABLE_CODE = YES;
				CLANG_WARN__DUPLICATE_METHOD_MATCH = YES;
				CODE_SIGN_IDENTITY = "iPhone Developer";
				COPY_PHASE_STRIP = NO;
				DEBUG_INFORMATION_FORMAT = "dwarf-with-dsym";
				ENABLE_NS_ASSERTIONS = NO;
				ENABLE_STRICT_OBJC_MSGSEND = YES;
				GCC_C_LANGUAGE_STANDARD = gnu11;
				GCC_NO_COMMON_BLOCKS = YES;
				GCC_WARN_64_TO_32_BIT_CONVERSION = YES;
				GCC_WARN_ABOUT_RETURN_TYPE = YES_ERROR;
				GCC_WARN_UNDECLARED_SELECTOR = YES;
				GCC_WARN_UNINITIALIZED_AUTOS = YES_AGGRESSIVE;
				GCC_WARN_UNUSED_FUNCTION = YES;
				GCC_WARN_UNUSED_VARIABLE = YES;
				IPHONEOS_DEPLOYMENT_TARGET = 12.2;
				MTL_ENABLE_DEBUG_INFO = NO;
				MTL_FAST_MATH = YES;
				SDKROOT = iphoneos;
				SWIFT_COMPILATION_MODE = wholemodule;
				SWIFT_OPTIMIZATION_LEVEL = "-O";
				VALIDATE_PRODUCT = YES;
			};
			name = Release;
		};
		19124326232D73C70070912E /* Debug */ = {
			isa = XCBuildConfiguration;
			buildSettings = {
				ASSETCATALOG_COMPILER_APPICON_NAME = AppIcon;
				CODE_SIGN_STYLE = Automatic;
				DEVELOPMENT_TEAM = 7GR2VXMGN4;
				INFOPLIST_FILE = MyWallet/Info.plist;
				LD_RUNPATH_SEARCH_PATHS = (
					"$(inherited)",
					"@executable_path/Frameworks",
				);
				PRODUCT_BUNDLE_IDENTIFIER = com.bougamza.MyWallet;
				PRODUCT_NAME = "$(TARGET_NAME)";
				SWIFT_VERSION = 5.0;
				TARGETED_DEVICE_FAMILY = "1,2";
			};
			name = Debug;
		};
		19124327232D73C70070912E /* Release */ = {
			isa = XCBuildConfiguration;
			buildSettings = {
				ASSETCATALOG_COMPILER_APPICON_NAME = AppIcon;
				CODE_SIGN_STYLE = Automatic;
				DEVELOPMENT_TEAM = 7GR2VXMGN4;
				INFOPLIST_FILE = MyWallet/Info.plist;
				LD_RUNPATH_SEARCH_PATHS = (
					"$(inherited)",
					"@executable_path/Frameworks",
				);
				PRODUCT_BUNDLE_IDENTIFIER = com.bougamza.MyWallet;
				PRODUCT_NAME = "$(TARGET_NAME)";
				SWIFT_VERSION = 5.0;
				TARGETED_DEVICE_FAMILY = "1,2";
			};
			name = Release;
		};
		19124329232D73C70070912E /* Debug */ = {
			isa = XCBuildConfiguration;
			buildSettings = {
				ALWAYS_EMBED_SWIFT_STANDARD_LIBRARIES = YES;
				BUNDLE_LOADER = "$(TEST_HOST)";
				CODE_SIGN_STYLE = Automatic;
				DEVELOPMENT_TEAM = 7GR2VXMGN4;
				INFOPLIST_FILE = MyWalletTests/Info.plist;
				LD_RUNPATH_SEARCH_PATHS = (
					"$(inherited)",
					"@executable_path/Frameworks",
					"@loader_path/Frameworks",
				);
				PRODUCT_BUNDLE_IDENTIFIER = com.bougamza.MyWalletTests;
				PRODUCT_NAME = "$(TARGET_NAME)";
				SWIFT_VERSION = 5.0;
				TARGETED_DEVICE_FAMILY = "1,2";
				TEST_HOST = "$(BUILT_PRODUCTS_DIR)/MyWallet.app/MyWallet";
			};
			name = Debug;
		};
		1912432A232D73C70070912E /* Release */ = {
			isa = XCBuildConfiguration;
			buildSettings = {
				ALWAYS_EMBED_SWIFT_STANDARD_LIBRARIES = YES;
				BUNDLE_LOADER = "$(TEST_HOST)";
				CODE_SIGN_STYLE = Automatic;
				DEVELOPMENT_TEAM = 7GR2VXMGN4;
				INFOPLIST_FILE = MyWalletTests/Info.plist;
				LD_RUNPATH_SEARCH_PATHS = (
					"$(inherited)",
					"@executable_path/Frameworks",
					"@loader_path/Frameworks",
				);
				PRODUCT_BUNDLE_IDENTIFIER = com.bougamza.MyWalletTests;
				PRODUCT_NAME = "$(TARGET_NAME)";
				SWIFT_VERSION = 5.0;
				TARGETED_DEVICE_FAMILY = "1,2";
				TEST_HOST = "$(BUILT_PRODUCTS_DIR)/MyWallet.app/MyWallet";
			};
			name = Release;
		};
/* End XCBuildConfiguration section */

/* Begin XCConfigurationList section */
		19124303232D73C60070912E /* Build configuration list for PBXProject "MyWallet" */ = {
			isa = XCConfigurationList;
			buildConfigurations = (
				19124323232D73C70070912E /* Debug */,
				19124324232D73C70070912E /* Release */,
			);
			defaultConfigurationIsVisible = 0;
			defaultConfigurationName = Release;
		};
		19124325232D73C70070912E /* Build configuration list for PBXNativeTarget "MyWallet" */ = {
			isa = XCConfigurationList;
			buildConfigurations = (
				19124326232D73C70070912E /* Debug */,
				19124327232D73C70070912E /* Release */,
			);
			defaultConfigurationIsVisible = 0;
			defaultConfigurationName = Release;
		};
		19124328232D73C70070912E /* Build configuration list for PBXNativeTarget "MyWalletTests" */ = {
			isa = XCConfigurationList;
			buildConfigurations = (
				19124329232D73C70070912E /* Debug */,
				1912432A232D73C70070912E /* Release */,
			);
			defaultConfigurationIsVisible = 0;
			defaultConfigurationName = Release;
		};
/* End XCConfigurationList section */
	};
	rootObject = 19124300232D73C60070912E /* Project object */;
}
